// !$*UTF8*$!
{
	archiveVersion = 1;
	classes = {
	};
	objectVersion = 46;
	objects = {

/* Begin PBXBuildFile section */
		E505A62F2033DB7F00F781AA /* NonPlayerChara.swift in Sources */ = {isa = PBXBuildFile; fileRef = E505A62E2033DB7F00F781AA /* NonPlayerChara.swift */; };
		E505A635203419E200F781AA /* MapDictionary.swift in Sources */ = {isa = PBXBuildFile; fileRef = E505A634203419E200F781AA /* MapDictionary.swift */; };
		E514474D20595D6600D84563 /* HitCalculator.swift in Sources */ = {isa = PBXBuildFile; fileRef = E514474C20595D6600D84563 /* HitCalculator.swift */; };
		E51494B3204CD6130000406E /* EncountData.swift in Sources */ = {isa = PBXBuildFile; fileRef = E51494B2204CD6130000406E /* EncountData.swift */; };
		E51494B5204CFD750000406E /* Encounter.swift in Sources */ = {isa = PBXBuildFile; fileRef = E51494B4204CFD750000406E /* Encounter.swift */; };
		E51494B9204D06220000406E /* enterBattle.sks in Resources */ = {isa = PBXBuildFile; fileRef = E51494B8204D06220000406E /* enterBattle.sks */; };
		E5164AAC203EF825000A921C /* SceneChanger.swift in Sources */ = {isa = PBXBuildFile; fileRef = E5164AAB203EF825000A921C /* SceneChanger.swift */; };
		E5164AAE203EF874000A921C /* changeMap.sks in Resources */ = {isa = PBXBuildFile; fileRef = E5164AAD203EF874000A921C /* changeMap.sks */; };
		E517324C204EB40C0016A827 /* ObjectMaker.swift in Sources */ = {isa = PBXBuildFile; fileRef = E5173249204EB40C0016A827 /* ObjectMaker.swift */; };
		E517324D204EB40C0016A827 /* TroutMaker.swift in Sources */ = {isa = PBXBuildFile; fileRef = E517324A204EB40C0016A827 /* TroutMaker.swift */; };
		E517324E204EB40C0016A827 /* TroutNode.swift in Sources */ = {isa = PBXBuildFile; fileRef = E517324B204EB40C0016A827 /* TroutNode.swift */; };
		E5173250204EB4110016A827 /* PygmyImageMaker.swift in Sources */ = {isa = PBXBuildFile; fileRef = E517324F204EB4110016A827 /* PygmyImageMaker.swift */; };
		E5173256204EB41C0016A827 /* BarMaker.swift in Sources */ = {isa = PBXBuildFile; fileRef = E5173251204EB41C0016A827 /* BarMaker.swift */; };
		E5173257204EB41C0016A827 /* ItemBarMaker.swift in Sources */ = {isa = PBXBuildFile; fileRef = E5173252204EB41C0016A827 /* ItemBarMaker.swift */; };
		E5173258204EB41C0016A827 /* SkillBarMaker.swift in Sources */ = {isa = PBXBuildFile; fileRef = E5173253204EB41C0016A827 /* SkillBarMaker.swift */; };
		E5173259204EB41C0016A827 /* StatusBarMaker.swift in Sources */ = {isa = PBXBuildFile; fileRef = E5173254204EB41C0016A827 /* StatusBarMaker.swift */; };
		E517325A204EB41C0016A827 /* StatusDisplayer.swift in Sources */ = {isa = PBXBuildFile; fileRef = E5173255204EB41C0016A827 /* StatusDisplayer.swift */; };
		E517325C204EB4580016A827 /* CharaNode.swift in Sources */ = {isa = PBXBuildFile; fileRef = E517325B204EB4580016A827 /* CharaNode.swift */; };
		E5173262204EBA7F0016A827 /* PanelNode.swift in Sources */ = {isa = PBXBuildFile; fileRef = E5173261204EBA7F0016A827 /* PanelNode.swift */; };
		E517DE8620468BDE00438614 /* healItems.swift in Sources */ = {isa = PBXBuildFile; fileRef = E517DE8520468BDE00438614 /* healItems.swift */; };
		E518691B2037EDE500F12256 /* MapBoxTrout.swift in Sources */ = {isa = PBXBuildFile; fileRef = E518691A2037EDE500F12256 /* MapBoxTrout.swift */; };
		E518B4D1204BE3E2002AE93C /* debugMap3.swift in Sources */ = {isa = PBXBuildFile; fileRef = E518B4D0204BE3E1002AE93C /* debugMap3.swift */; };
		E518BEF02043F2030072F0C8 /* ItemDictionary.swift in Sources */ = {isa = PBXBuildFile; fileRef = E518BEEF2043F2030072F0C8 /* ItemDictionary.swift */; };
		E518BEF62043F7050072F0C8 /* debugMap.swift in Sources */ = {isa = PBXBuildFile; fileRef = E518BEF52043F7050072F0C8 /* debugMap.swift */; };
		E518BEF82043FA2A0072F0C8 /* StatusCalcurator.swift in Sources */ = {isa = PBXBuildFile; fileRef = E518BEF72043FA2A0072F0C8 /* StatusCalcurator.swift */; };
		E518BEFA2043FA390072F0C8 /* myutansu.swift in Sources */ = {isa = PBXBuildFile; fileRef = E518BEF92043FA390072F0C8 /* myutansu.swift */; };
		E51A0BBC2040FB4F00F97159 /* Menu.swift in Sources */ = {isa = PBXBuildFile; fileRef = E51A0BBB2040FB4F00F97159 /* Menu.swift */; };
		E51A59D3203AA15B000D00E3 /* PanOperator.swift in Sources */ = {isa = PBXBuildFile; fileRef = E51A59D2203AA15B000D00E3 /* PanOperator.swift */; };
		E51BDEA820468DDA00D358F0 /* totuAccessory.swift in Sources */ = {isa = PBXBuildFile; fileRef = E51BDEA720468DDA00D358F0 /* totuAccessory.swift */; };
		E51D542A204E6408003B9408 /* BattleChara.swift in Sources */ = {isa = PBXBuildFile; fileRef = E51D5427204E6408003B9408 /* BattleChara.swift */; };
		E51D542B204E6408003B9408 /* BattleTrout.swift in Sources */ = {isa = PBXBuildFile; fileRef = E51D5428204E6408003B9408 /* BattleTrout.swift */; };
		E51D542F204E70C6003B9408 /* Battle.swift in Sources */ = {isa = PBXBuildFile; fileRef = E51D542E204E70C6003B9408 /* Battle.swift */; };
		E51D695720623D9B00A80BF1 /* DragNodeOperator.swift in Sources */ = {isa = PBXBuildFile; fileRef = E51D695620623D9B00A80BF1 /* DragNodeOperator.swift */; };
		E51F5E3C2033DAB80015F328 /* MapChara.swift in Sources */ = {isa = PBXBuildFile; fileRef = E51F5E3B2033DAB80015F328 /* MapChara.swift */; };
		E51F5E3E2033DB010015F328 /* PlayerChara.swift in Sources */ = {isa = PBXBuildFile; fileRef = E51F5E3D2033DB010015F328 /* PlayerChara.swift */; };
		E52036B1202D2FBB00BB3ED5 /* MapFeild.swift in Sources */ = {isa = PBXBuildFile; fileRef = E52036B0202D2FBB00BB3ED5 /* MapFeild.swift */; };
		E52036B9202D535200BB3ED5 /* SaveData.swift in Sources */ = {isa = PBXBuildFile; fileRef = E52036B8202D535200BB3ED5 /* SaveData.swift */; };
		E525D17F203D52E6003C0E6A /* MapUi.swift in Sources */ = {isa = PBXBuildFile; fileRef = E525D17E203D52E6003C0E6A /* MapUi.swift */; };
		E525D181203D54F8003C0E6A /* SceneController.swift in Sources */ = {isa = PBXBuildFile; fileRef = E525D180203D54F8003C0E6A /* SceneController.swift */; };
		E525D186203D57BB003C0E6A /* MainMenu.swift in Sources */ = {isa = PBXBuildFile; fileRef = E525D185203D57BB003C0E6A /* MainMenu.swift */; };
		E525D189203D57D7003C0E6A /* title.sks in Resources */ = {isa = PBXBuildFile; fileRef = E525D187203D57D7003C0E6A /* title.sks */; };
		E525D18A203D57D7003C0E6A /* Title.swift in Sources */ = {isa = PBXBuildFile; fileRef = E525D188203D57D7003C0E6A /* Title.swift */; };
		E525D18C203D58A5003C0E6A /* mainMenu.sks in Resources */ = {isa = PBXBuildFile; fileRef = E525D18B203D58A5003C0E6A /* mainMenu.sks */; };
		E525D18E203D6202003C0E6A /* MapEvent.swift in Sources */ = {isa = PBXBuildFile; fileRef = E525D18D203D6202003C0E6A /* MapEvent.swift */; };
		E526756E2032C0BE005E0235 /* define.swift in Sources */ = {isa = PBXBuildFile; fileRef = E526756D2032C0BD005E0235 /* define.swift */; };
		E52C881B2043FCF4004AC8AC /* AccessoryDictionary.swift in Sources */ = {isa = PBXBuildFile; fileRef = E52C881A2043FCF4004AC8AC /* AccessoryDictionary.swift */; };
		E52FA9AB204530A90032F3EB /* pygmyDetails.sks in Resources */ = {isa = PBXBuildFile; fileRef = E52FA9AA204530A90032F3EB /* pygmyDetails.sks */; };
		E5456E47203FF09300122781 /* PygmyMenu.swift in Sources */ = {isa = PBXBuildFile; fileRef = E5456E46203FF09300122781 /* PygmyMenu.swift */; };
		E5456E49203FF0A100122781 /* pygmyMenu.sks in Resources */ = {isa = PBXBuildFile; fileRef = E5456E48203FF0A100122781 /* pygmyMenu.sks */; };
		E5456E4C203FF9FD00122781 /* MenuParent.swift in Sources */ = {isa = PBXBuildFile; fileRef = E5456E4B203FF9FD00122781 /* MenuParent.swift */; };
		E54EDC932053C55F00F0D83B /* BattleUiScene.swift in Sources */ = {isa = PBXBuildFile; fileRef = E54EDC922053C55F00F0D83B /* BattleUiScene.swift */; };
		E54EDC9520543ACD00F0D83B /* SkillRangeSearcher.swift in Sources */ = {isa = PBXBuildFile; fileRef = E54EDC9420543ACD00F0D83B /* SkillRangeSearcher.swift */; };
		E551200020561FE300CAC557 /* itemEffects.swift in Sources */ = {isa = PBXBuildFile; fileRef = E5511FFF20561FE300CAC557 /* itemEffects.swift */; };
		E551200220565C5C00CAC557 /* CharaManager.swift in Sources */ = {isa = PBXBuildFile; fileRef = E551200120565C5C00CAC557 /* CharaManager.swift */; };
		E551357A20468F9E00E7DB84 /* SkillDictionary.swift in Sources */ = {isa = PBXBuildFile; fileRef = E551357920468F9E00E7DB84 /* SkillDictionary.swift */; };
		E551357D2046910A00E7DB84 /* totuSkill.swift in Sources */ = {isa = PBXBuildFile; fileRef = E551357C2046910A00E7DB84 /* totuSkill.swift */; };
		E551357F2046922200E7DB84 /* jaSkill.swift in Sources */ = {isa = PBXBuildFile; fileRef = E551357E2046922200E7DB84 /* jaSkill.swift */; };
		E55257D32050146200D140BE /* RaceData.swift in Sources */ = {isa = PBXBuildFile; fileRef = E55257D22050146200D140BE /* RaceData.swift */; };
		E55257D52050147400D140BE /* PygmyRaceData.swift in Sources */ = {isa = PBXBuildFile; fileRef = E55257D42050147400D140BE /* PygmyRaceData.swift */; };
		E55257D72050147D00D140BE /* EnemyData.swift in Sources */ = {isa = PBXBuildFile; fileRef = E55257D62050147D00D140BE /* EnemyData.swift */; };
		E55257D920501A0400D140BE /* EnemyDictionary.swift in Sources */ = {isa = PBXBuildFile; fileRef = E55257D820501A0400D140BE /* EnemyDictionary.swift */; };
		E55257DB20501A2B00D140BE /* kedama.swift in Sources */ = {isa = PBXBuildFile; fileRef = E55257DA20501A2B00D140BE /* kedama.swift */; };
		E55257DD20501B1400D140BE /* daSkill.swift in Sources */ = {isa = PBXBuildFile; fileRef = E55257DC20501B1400D140BE /* daSkill.swift */; };
		E55257DF2050338000D140BE /* Turn.swift in Sources */ = {isa = PBXBuildFile; fileRef = E55257DE2050338000D140BE /* Turn.swift */; };
		E55257E120503D2A00D140BE /* CharaController.swift in Sources */ = {isa = PBXBuildFile; fileRef = E55257E020503D2A00D140BE /* CharaController.swift */; };
		E55257E320503D4200D140BE /* CharaAi.swift in Sources */ = {isa = PBXBuildFile; fileRef = E55257E220503D4200D140BE /* CharaAi.swift */; };
		E55257E52050408C00D140BE /* RouteSearcher.swift in Sources */ = {isa = PBXBuildFile; fileRef = E55257E42050408C00D140BE /* RouteSearcher.swift */; };
		E5526DEB205A9E8700FF9507 /* SkillAlert.swift in Sources */ = {isa = PBXBuildFile; fileRef = E5526DEA205A9E8700FF9507 /* SkillAlert.swift */; };
		E5580523203D12BC00D1CA09 /* MapTrout.swift in Sources */ = {isa = PBXBuildFile; fileRef = E5580522203D12BC00D1CA09 /* MapTrout.swift */; };
		E5580525203D133A00D1CA09 /* MapTroutMaker.swift in Sources */ = {isa = PBXBuildFile; fileRef = E5580524203D133A00D1CA09 /* MapTroutMaker.swift */; };
		E55A43AA20550B560091F2BB /* AttackOperator.swift in Sources */ = {isa = PBXBuildFile; fileRef = E55A43A920550B560091F2BB /* AttackOperator.swift */; };
		E55CD8B32050D9E30083D984 /* TroutAttributeDictionary.swift in Sources */ = {isa = PBXBuildFile; fileRef = E55CD8B22050D9E30083D984 /* TroutAttributeDictionary.swift */; };
		E55CD8B6205114410083D984 /* TroutTapMonitor.swift in Sources */ = {isa = PBXBuildFile; fileRef = E55CD8B5205114410083D984 /* TroutTapMonitor.swift */; };
		E55CD8B8205117D60083D984 /* BattleDataUi.swift in Sources */ = {isa = PBXBuildFile; fileRef = E55CD8B7205117D60083D984 /* BattleDataUi.swift */; };
		E56580A9204A5C990004137D /* debugMap2.swift in Sources */ = {isa = PBXBuildFile; fileRef = E56580A8204A5C990004137D /* debugMap2.swift */; };
		E5716A7D2060E95E00233154 /* CharaControlUi.swift in Sources */ = {isa = PBXBuildFile; fileRef = E5716A7C2060E95E00233154 /* CharaControlUi.swift */; };
		E5729BB12052DD7D00857586 /* DamageCalculator.swift in Sources */ = {isa = PBXBuildFile; fileRef = E5729BB02052DD7D00857586 /* DamageCalculator.swift */; };
		E57E0B8A2037EEF900984890 /* MapSlopTrout.swift in Sources */ = {isa = PBXBuildFile; fileRef = E57E0B892037EEF900984890 /* MapSlopTrout.swift */; };
		E58D365A205E8B810044A010 /* choiceDisplayer.sks in Resources */ = {isa = PBXBuildFile; fileRef = E58D3656205E8B810044A010 /* choiceDisplayer.sks */; };
		E58D365B205E8B810044A010 /* ChoiceDisplayer.swift in Sources */ = {isa = PBXBuildFile; fileRef = E58D3657205E8B810044A010 /* ChoiceDisplayer.swift */; };
		E58D365C205E8B810044A010 /* speakWindow.sks in Resources */ = {isa = PBXBuildFile; fileRef = E58D3658205E8B810044A010 /* speakWindow.sks */; };
		E58D365D205E8B810044A010 /* SpeakWindow.swift in Sources */ = {isa = PBXBuildFile; fileRef = E58D3659205E8B810044A010 /* SpeakWindow.swift */; };
		E58D3660205E8BBF0044A010 /* battleDataUi.sks in Resources */ = {isa = PBXBuildFile; fileRef = E58D365E205E8BBF0044A010 /* battleDataUi.sks */; };
		E58D3661205E8BBF0044A010 /* DamagePrediction.swift in Sources */ = {isa = PBXBuildFile; fileRef = E58D365F205E8BBF0044A010 /* DamagePrediction.swift */; };
		E5928EEF2062402A00862460 /* SkillMenu.swift in Sources */ = {isa = PBXBuildFile; fileRef = E5928EEE2062402A00862460 /* SkillMenu.swift */; };
		E5928EF1206240A500862460 /* skillMenu.sks in Resources */ = {isa = PBXBuildFile; fileRef = E5928EF0206240A500862460 /* skillMenu.sks */; };
		E59E4A7120230370009553C9 /* AppDelegate.swift in Sources */ = {isa = PBXBuildFile; fileRef = E59E4A7020230370009553C9 /* AppDelegate.swift */; };
		E59E4A7320230370009553C9 /* art.scnassets in Resources */ = {isa = PBXBuildFile; fileRef = E59E4A7220230370009553C9 /* art.scnassets */; };
		E59E4A7520230370009553C9 /* GameViewController.swift in Sources */ = {isa = PBXBuildFile; fileRef = E59E4A7420230370009553C9 /* GameViewController.swift */; };
		E59E4A7820230370009553C9 /* Main.storyboard in Resources */ = {isa = PBXBuildFile; fileRef = E59E4A7620230370009553C9 /* Main.storyboard */; };
		E59E4A7D20230370009553C9 /* LaunchScreen.storyboard in Resources */ = {isa = PBXBuildFile; fileRef = E59E4A7B20230370009553C9 /* LaunchScreen.storyboard */; };
		E5B57A7120568DBC00C0F0D5 /* ActiveSkillUi.swift in Sources */ = {isa = PBXBuildFile; fileRef = E5B57A7020568DBC00C0F0D5 /* ActiveSkillUi.swift */; };
		E5C74E4F20369A220071326D /* mapUi.sks in Resources */ = {isa = PBXBuildFile; fileRef = E5C74E4E20369A220071326D /* mapUi.sks */; };
		E5C80ED32045488B00F89541 /* Assets.xcassets in Resources */ = {isa = PBXBuildFile; fileRef = E5C80ED22045488B00F89541 /* Assets.xcassets */; };
		E5C8F85A2041866B00CD908A /* You.swift in Sources */ = {isa = PBXBuildFile; fileRef = E5C8F8592041866B00CD908A /* You.swift */; };
		E5C8F85C2041869700CD908A /* Pygmy.swift in Sources */ = {isa = PBXBuildFile; fileRef = E5C8F85B2041869700CD908A /* Pygmy.swift */; };
		E5C8F85E20418C9900CD908A /* PygmyDictionary.swift in Sources */ = {isa = PBXBuildFile; fileRef = E5C8F85D20418C9900CD908A /* PygmyDictionary.swift */; };
		E5FE6DF520492F3B001BFABD /* PygmyDetails.swift in Sources */ = {isa = PBXBuildFile; fileRef = E5FE6DF420492F3B001BFABD /* PygmyDetails.swift */; };
		E5FE6DF920493792001BFABD /* passive.swift in Sources */ = {isa = PBXBuildFile; fileRef = E5FE6DF820493792001BFABD /* passive.swift */; };
/* End PBXBuildFile section */

/* Begin PBXFileReference section */
		E505A62E2033DB7F00F781AA /* NonPlayerChara.swift */ = {isa = PBXFileReference; fileEncoding = 4; lastKnownFileType = sourcecode.swift; path = NonPlayerChara.swift; sourceTree = "<group>"; };
		E505A634203419E200F781AA /* MapDictionary.swift */ = {isa = PBXFileReference; fileEncoding = 4; lastKnownFileType = sourcecode.swift; path = MapDictionary.swift; sourceTree = "<group>"; };
		E514474C20595D6600D84563 /* HitCalculator.swift */ = {isa = PBXFileReference; fileEncoding = 4; lastKnownFileType = sourcecode.swift; path = HitCalculator.swift; sourceTree = "<group>"; };
		E51494B2204CD6130000406E /* EncountData.swift */ = {isa = PBXFileReference; fileEncoding = 4; lastKnownFileType = sourcecode.swift; path = EncountData.swift; sourceTree = "<group>"; };
		E51494B4204CFD750000406E /* Encounter.swift */ = {isa = PBXFileReference; fileEncoding = 4; lastKnownFileType = sourcecode.swift; path = Encounter.swift; sourceTree = "<group>"; };
		E51494B8204D06220000406E /* enterBattle.sks */ = {isa = PBXFileReference; lastKnownFileType = file.sks; path = enterBattle.sks; sourceTree = "<group>"; };
		E5164AAB203EF825000A921C /* SceneChanger.swift */ = {isa = PBXFileReference; fileEncoding = 4; lastKnownFileType = sourcecode.swift; path = SceneChanger.swift; sourceTree = "<group>"; };
		E5164AAD203EF874000A921C /* changeMap.sks */ = {isa = PBXFileReference; lastKnownFileType = file.sks; path = changeMap.sks; sourceTree = "<group>"; };
		E5173249204EB40C0016A827 /* ObjectMaker.swift */ = {isa = PBXFileReference; fileEncoding = 4; lastKnownFileType = sourcecode.swift; path = ObjectMaker.swift; sourceTree = "<group>"; };
		E517324A204EB40C0016A827 /* TroutMaker.swift */ = {isa = PBXFileReference; fileEncoding = 4; lastKnownFileType = sourcecode.swift; path = TroutMaker.swift; sourceTree = "<group>"; };
		E517324B204EB40C0016A827 /* TroutNode.swift */ = {isa = PBXFileReference; fileEncoding = 4; lastKnownFileType = sourcecode.swift; path = TroutNode.swift; sourceTree = "<group>"; };
		E517324F204EB4110016A827 /* PygmyImageMaker.swift */ = {isa = PBXFileReference; fileEncoding = 4; lastKnownFileType = sourcecode.swift; path = PygmyImageMaker.swift; sourceTree = "<group>"; };
		E5173251204EB41C0016A827 /* BarMaker.swift */ = {isa = PBXFileReference; fileEncoding = 4; lastKnownFileType = sourcecode.swift; path = BarMaker.swift; sourceTree = "<group>"; };
		E5173252204EB41C0016A827 /* ItemBarMaker.swift */ = {isa = PBXFileReference; fileEncoding = 4; lastKnownFileType = sourcecode.swift; path = ItemBarMaker.swift; sourceTree = "<group>"; };
		E5173253204EB41C0016A827 /* SkillBarMaker.swift */ = {isa = PBXFileReference; fileEncoding = 4; lastKnownFileType = sourcecode.swift; path = SkillBarMaker.swift; sourceTree = "<group>"; };
		E5173254204EB41C0016A827 /* StatusBarMaker.swift */ = {isa = PBXFileReference; fileEncoding = 4; lastKnownFileType = sourcecode.swift; path = StatusBarMaker.swift; sourceTree = "<group>"; };
		E5173255204EB41C0016A827 /* StatusDisplayer.swift */ = {isa = PBXFileReference; fileEncoding = 4; lastKnownFileType = sourcecode.swift; path = StatusDisplayer.swift; sourceTree = "<group>"; };
		E517325B204EB4580016A827 /* CharaNode.swift */ = {isa = PBXFileReference; fileEncoding = 4; lastKnownFileType = sourcecode.swift; path = CharaNode.swift; sourceTree = "<group>"; };
		E5173261204EBA7F0016A827 /* PanelNode.swift */ = {isa = PBXFileReference; fileEncoding = 4; lastKnownFileType = sourcecode.swift; path = PanelNode.swift; sourceTree = "<group>"; };
		E517DE8520468BDE00438614 /* healItems.swift */ = {isa = PBXFileReference; fileEncoding = 4; lastKnownFileType = sourcecode.swift; path = healItems.swift; sourceTree = "<group>"; };
		E518691A2037EDE500F12256 /* MapBoxTrout.swift */ = {isa = PBXFileReference; fileEncoding = 4; lastKnownFileType = sourcecode.swift; name = MapBoxTrout.swift; path = map/mapTrout/MapBoxTrout.swift; sourceTree = "<group>"; };
		E518B4D0204BE3E1002AE93C /* debugMap3.swift */ = {isa = PBXFileReference; fileEncoding = 4; lastKnownFileType = sourcecode.swift; path = debugMap3.swift; sourceTree = "<group>"; };
		E518BEEF2043F2030072F0C8 /* ItemDictionary.swift */ = {isa = PBXFileReference; fileEncoding = 4; lastKnownFileType = sourcecode.swift; path = ItemDictionary.swift; sourceTree = "<group>"; };
		E518BEF52043F7050072F0C8 /* debugMap.swift */ = {isa = PBXFileReference; fileEncoding = 4; lastKnownFileType = sourcecode.swift; path = debugMap.swift; sourceTree = "<group>"; };
		E518BEF72043FA2A0072F0C8 /* StatusCalcurator.swift */ = {isa = PBXFileReference; fileEncoding = 4; lastKnownFileType = sourcecode.swift; path = StatusCalcurator.swift; sourceTree = "<group>"; };
		E518BEF92043FA390072F0C8 /* myutansu.swift */ = {isa = PBXFileReference; fileEncoding = 4; lastKnownFileType = sourcecode.swift; path = myutansu.swift; sourceTree = "<group>"; };
		E51A0BBB2040FB4F00F97159 /* Menu.swift */ = {isa = PBXFileReference; fileEncoding = 4; lastKnownFileType = sourcecode.swift; path = Menu.swift; sourceTree = "<group>"; };
		E51A59D2203AA15B000D00E3 /* PanOperator.swift */ = {isa = PBXFileReference; fileEncoding = 4; lastKnownFileType = sourcecode.swift; name = PanOperator.swift; path = ui/PanOperator.swift; sourceTree = "<group>"; };
		E51BDEA720468DDA00D358F0 /* totuAccessory.swift */ = {isa = PBXFileReference; fileEncoding = 4; lastKnownFileType = sourcecode.swift; path = totuAccessory.swift; sourceTree = "<group>"; };
		E51D5427204E6408003B9408 /* BattleChara.swift */ = {isa = PBXFileReference; fileEncoding = 4; lastKnownFileType = sourcecode.swift; path = BattleChara.swift; sourceTree = "<group>"; };
		E51D5428204E6408003B9408 /* BattleTrout.swift */ = {isa = PBXFileReference; fileEncoding = 4; lastKnownFileType = sourcecode.swift; path = BattleTrout.swift; sourceTree = "<group>"; };
		E51D542E204E70C6003B9408 /* Battle.swift */ = {isa = PBXFileReference; fileEncoding = 4; lastKnownFileType = sourcecode.swift; path = Battle.swift; sourceTree = "<group>"; };
		E51D695620623D9B00A80BF1 /* DragNodeOperator.swift */ = {isa = PBXFileReference; fileEncoding = 4; lastKnownFileType = sourcecode.swift; path = DragNodeOperator.swift; sourceTree = "<group>"; };
		E51F5E3B2033DAB80015F328 /* MapChara.swift */ = {isa = PBXFileReference; fileEncoding = 4; lastKnownFileType = sourcecode.swift; name = MapChara.swift; path = map/mapChara/MapChara.swift; sourceTree = "<group>"; };
		E51F5E3D2033DB010015F328 /* PlayerChara.swift */ = {isa = PBXFileReference; fileEncoding = 4; lastKnownFileType = sourcecode.swift; name = PlayerChara.swift; path = map/mapChara/PlayerChara.swift; sourceTree = "<group>"; };
		E52036B0202D2FBB00BB3ED5 /* MapFeild.swift */ = {isa = PBXFileReference; fileEncoding = 4; lastKnownFileType = sourcecode.swift; name = MapFeild.swift; path = map/MapFeild.swift; sourceTree = "<group>"; };
		E52036B8202D535200BB3ED5 /* SaveData.swift */ = {isa = PBXFileReference; fileEncoding = 4; lastKnownFileType = sourcecode.swift; path = SaveData.swift; sourceTree = "<group>"; };
		E525D17E203D52E6003C0E6A /* MapUi.swift */ = {isa = PBXFileReference; fileEncoding = 4; lastKnownFileType = sourcecode.swift; name = MapUi.swift; path = map/MapUi.swift; sourceTree = "<group>"; };
		E525D180203D54F8003C0E6A /* SceneController.swift */ = {isa = PBXFileReference; fileEncoding = 4; lastKnownFileType = sourcecode.swift; path = SceneController.swift; sourceTree = "<group>"; };
		E525D185203D57BB003C0E6A /* MainMenu.swift */ = {isa = PBXFileReference; fileEncoding = 4; lastKnownFileType = sourcecode.swift; name = MainMenu.swift; path = mainMenu/MainMenu.swift; sourceTree = "<group>"; };
		E525D187203D57D7003C0E6A /* title.sks */ = {isa = PBXFileReference; lastKnownFileType = file.sks; path = title.sks; sourceTree = "<group>"; };
		E525D188203D57D7003C0E6A /* Title.swift */ = {isa = PBXFileReference; fileEncoding = 4; lastKnownFileType = sourcecode.swift; path = Title.swift; sourceTree = "<group>"; };
		E525D18B203D58A5003C0E6A /* mainMenu.sks */ = {isa = PBXFileReference; lastKnownFileType = file.sks; name = mainMenu.sks; path = mainMenu/mainMenu.sks; sourceTree = "<group>"; };
		E525D18D203D6202003C0E6A /* MapEvent.swift */ = {isa = PBXFileReference; fileEncoding = 4; lastKnownFileType = sourcecode.swift; name = MapEvent.swift; path = map/MapEvent.swift; sourceTree = "<group>"; };
		E526756D2032C0BD005E0235 /* define.swift */ = {isa = PBXFileReference; fileEncoding = 4; lastKnownFileType = sourcecode.swift; path = define.swift; sourceTree = "<group>"; };
		E52C881A2043FCF4004AC8AC /* AccessoryDictionary.swift */ = {isa = PBXFileReference; fileEncoding = 4; lastKnownFileType = sourcecode.swift; path = AccessoryDictionary.swift; sourceTree = "<group>"; };
		E52FA9AA204530A90032F3EB /* pygmyDetails.sks */ = {isa = PBXFileReference; lastKnownFileType = file.sks; name = pygmyDetails.sks; path = pygmyMenu/pygmyDetails.sks; sourceTree = "<group>"; };
		E5456E46203FF09300122781 /* PygmyMenu.swift */ = {isa = PBXFileReference; fileEncoding = 4; lastKnownFileType = sourcecode.swift; name = PygmyMenu.swift; path = pygmyMenu/PygmyMenu.swift; sourceTree = "<group>"; };
		E5456E48203FF0A100122781 /* pygmyMenu.sks */ = {isa = PBXFileReference; lastKnownFileType = file.sks; name = pygmyMenu.sks; path = /Users/tomo/Desktop/game/youAndPygmy/youAndPygmy/menu/pygmyMenu/pygmyMenu.sks; sourceTree = "<absolute>"; };
		E5456E4B203FF9FD00122781 /* MenuParent.swift */ = {isa = PBXFileReference; fileEncoding = 4; lastKnownFileType = sourcecode.swift; path = MenuParent.swift; sourceTree = "<group>"; };
		E54EDC922053C55F00F0D83B /* BattleUiScene.swift */ = {isa = PBXFileReference; fileEncoding = 4; lastKnownFileType = sourcecode.swift; path = BattleUiScene.swift; sourceTree = "<group>"; };
		E54EDC9420543ACD00F0D83B /* SkillRangeSearcher.swift */ = {isa = PBXFileReference; fileEncoding = 4; lastKnownFileType = sourcecode.swift; path = SkillRangeSearcher.swift; sourceTree = "<group>"; };
		E5511FFF20561FE300CAC557 /* itemEffects.swift */ = {isa = PBXFileReference; fileEncoding = 4; lastKnownFileType = sourcecode.swift; path = itemEffects.swift; sourceTree = "<group>"; };
		E551200120565C5C00CAC557 /* CharaManager.swift */ = {isa = PBXFileReference; fileEncoding = 4; lastKnownFileType = sourcecode.swift; path = CharaManager.swift; sourceTree = "<group>"; };
		E551357920468F9E00E7DB84 /* SkillDictionary.swift */ = {isa = PBXFileReference; fileEncoding = 4; lastKnownFileType = sourcecode.swift; path = SkillDictionary.swift; sourceTree = "<group>"; };
		E551357C2046910A00E7DB84 /* totuSkill.swift */ = {isa = PBXFileReference; fileEncoding = 4; lastKnownFileType = sourcecode.swift; path = totuSkill.swift; sourceTree = "<group>"; };
		E551357E2046922200E7DB84 /* jaSkill.swift */ = {isa = PBXFileReference; fileEncoding = 4; lastKnownFileType = sourcecode.swift; path = jaSkill.swift; sourceTree = "<group>"; };
		E55257D22050146200D140BE /* RaceData.swift */ = {isa = PBXFileReference; fileEncoding = 4; lastKnownFileType = sourcecode.swift; path = RaceData.swift; sourceTree = "<group>"; };
		E55257D42050147400D140BE /* PygmyRaceData.swift */ = {isa = PBXFileReference; fileEncoding = 4; lastKnownFileType = sourcecode.swift; path = PygmyRaceData.swift; sourceTree = "<group>"; };
		E55257D62050147D00D140BE /* EnemyData.swift */ = {isa = PBXFileReference; fileEncoding = 4; lastKnownFileType = sourcecode.swift; path = EnemyData.swift; sourceTree = "<group>"; };
		E55257D820501A0400D140BE /* EnemyDictionary.swift */ = {isa = PBXFileReference; fileEncoding = 4; lastKnownFileType = sourcecode.swift; path = EnemyDictionary.swift; sourceTree = "<group>"; };
		E55257DA20501A2B00D140BE /* kedama.swift */ = {isa = PBXFileReference; fileEncoding = 4; lastKnownFileType = sourcecode.swift; path = kedama.swift; sourceTree = "<group>"; };
		E55257DC20501B1400D140BE /* daSkill.swift */ = {isa = PBXFileReference; fileEncoding = 4; lastKnownFileType = sourcecode.swift; path = daSkill.swift; sourceTree = "<group>"; };
		E55257DE2050338000D140BE /* Turn.swift */ = {isa = PBXFileReference; fileEncoding = 4; lastKnownFileType = sourcecode.swift; path = Turn.swift; sourceTree = "<group>"; };
		E55257E020503D2A00D140BE /* CharaController.swift */ = {isa = PBXFileReference; fileEncoding = 4; lastKnownFileType = sourcecode.swift; path = CharaController.swift; sourceTree = "<group>"; };
		E55257E220503D4200D140BE /* CharaAi.swift */ = {isa = PBXFileReference; fileEncoding = 4; lastKnownFileType = sourcecode.swift; path = CharaAi.swift; sourceTree = "<group>"; };
		E55257E42050408C00D140BE /* RouteSearcher.swift */ = {isa = PBXFileReference; fileEncoding = 4; lastKnownFileType = sourcecode.swift; path = RouteSearcher.swift; sourceTree = "<group>"; };
		E5526DEA205A9E8700FF9507 /* SkillAlert.swift */ = {isa = PBXFileReference; fileEncoding = 4; lastKnownFileType = sourcecode.swift; path = SkillAlert.swift; sourceTree = "<group>"; };
		E5580522203D12BC00D1CA09 /* MapTrout.swift */ = {isa = PBXFileReference; fileEncoding = 4; lastKnownFileType = sourcecode.swift; name = MapTrout.swift; path = map/mapTrout/MapTrout.swift; sourceTree = "<group>"; };
		E5580524203D133A00D1CA09 /* MapTroutMaker.swift */ = {isa = PBXFileReference; fileEncoding = 4; lastKnownFileType = sourcecode.swift; name = MapTroutMaker.swift; path = map/MapTroutMaker.swift; sourceTree = "<group>"; };
		E55A43A920550B560091F2BB /* AttackOperator.swift */ = {isa = PBXFileReference; fileEncoding = 4; lastKnownFileType = sourcecode.swift; path = AttackOperator.swift; sourceTree = "<group>"; };
		E55CD8B22050D9E30083D984 /* TroutAttributeDictionary.swift */ = {isa = PBXFileReference; fileEncoding = 4; lastKnownFileType = sourcecode.swift; path = TroutAttributeDictionary.swift; sourceTree = "<group>"; };
		E55CD8B5205114410083D984 /* TroutTapMonitor.swift */ = {isa = PBXFileReference; fileEncoding = 4; lastKnownFileType = sourcecode.swift; path = TroutTapMonitor.swift; sourceTree = "<group>"; };
		E55CD8B7205117D60083D984 /* BattleDataUi.swift */ = {isa = PBXFileReference; fileEncoding = 4; lastKnownFileType = sourcecode.swift; path = BattleDataUi.swift; sourceTree = "<group>"; };
		E56580A8204A5C990004137D /* debugMap2.swift */ = {isa = PBXFileReference; fileEncoding = 4; lastKnownFileType = sourcecode.swift; path = debugMap2.swift; sourceTree = "<group>"; };
		E5716A7C2060E95E00233154 /* CharaControlUi.swift */ = {isa = PBXFileReference; fileEncoding = 4; lastKnownFileType = sourcecode.swift; path = CharaControlUi.swift; sourceTree = "<group>"; };
		E5729BB02052DD7D00857586 /* DamageCalculator.swift */ = {isa = PBXFileReference; fileEncoding = 4; lastKnownFileType = sourcecode.swift; path = DamageCalculator.swift; sourceTree = "<group>"; };
		E57E0B892037EEF900984890 /* MapSlopTrout.swift */ = {isa = PBXFileReference; fileEncoding = 4; lastKnownFileType = sourcecode.swift; name = MapSlopTrout.swift; path = map/mapTrout/MapSlopTrout.swift; sourceTree = "<group>"; };
		E58D3656205E8B810044A010 /* choiceDisplayer.sks */ = {isa = PBXFileReference; lastKnownFileType = file.sks; path = choiceDisplayer.sks; sourceTree = "<group>"; };
		E58D3657205E8B810044A010 /* ChoiceDisplayer.swift */ = {isa = PBXFileReference; fileEncoding = 4; lastKnownFileType = sourcecode.swift; path = ChoiceDisplayer.swift; sourceTree = "<group>"; };
		E58D3658205E8B810044A010 /* speakWindow.sks */ = {isa = PBXFileReference; lastKnownFileType = file.sks; path = speakWindow.sks; sourceTree = "<group>"; };
		E58D3659205E8B810044A010 /* SpeakWindow.swift */ = {isa = PBXFileReference; fileEncoding = 4; lastKnownFileType = sourcecode.swift; path = SpeakWindow.swift; sourceTree = "<group>"; };
		E58D365E205E8BBF0044A010 /* battleDataUi.sks */ = {isa = PBXFileReference; lastKnownFileType = file.sks; path = battleDataUi.sks; sourceTree = "<group>"; };
		E58D365F205E8BBF0044A010 /* DamagePrediction.swift */ = {isa = PBXFileReference; fileEncoding = 4; lastKnownFileType = sourcecode.swift; path = DamagePrediction.swift; sourceTree = "<group>"; };
		E5928EEE2062402A00862460 /* SkillMenu.swift */ = {isa = PBXFileReference; fileEncoding = 4; lastKnownFileType = sourcecode.swift; path = SkillMenu.swift; sourceTree = "<group>"; };
		E5928EF0206240A500862460 /* skillMenu.sks */ = {isa = PBXFileReference; lastKnownFileType = file.sks; path = skillMenu.sks; sourceTree = "<group>"; };
		E59E4A6D20230370009553C9 /* youAndPygmy.app */ = {isa = PBXFileReference; explicitFileType = wrapper.application; includeInIndex = 0; path = youAndPygmy.app; sourceTree = BUILT_PRODUCTS_DIR; };
		E59E4A7020230370009553C9 /* AppDelegate.swift */ = {isa = PBXFileReference; lastKnownFileType = sourcecode.swift; path = AppDelegate.swift; sourceTree = "<group>"; };
		E59E4A7220230370009553C9 /* art.scnassets */ = {isa = PBXFileReference; lastKnownFileType = wrapper.scnassets; path = art.scnassets; sourceTree = "<group>"; };
		E59E4A7420230370009553C9 /* GameViewController.swift */ = {isa = PBXFileReference; lastKnownFileType = sourcecode.swift; path = GameViewController.swift; sourceTree = "<group>"; };
		E59E4A7720230370009553C9 /* Base */ = {isa = PBXFileReference; lastKnownFileType = file.storyboard; name = Base; path = Base.lproj/Main.storyboard; sourceTree = "<group>"; };
		E59E4A7C20230370009553C9 /* Base */ = {isa = PBXFileReference; lastKnownFileType = file.storyboard; name = Base; path = Base.lproj/LaunchScreen.storyboard; sourceTree = "<group>"; };
		E59E4A7E20230370009553C9 /* Info.plist */ = {isa = PBXFileReference; lastKnownFileType = text.plist.xml; path = Info.plist; sourceTree = "<group>"; };
		E5B57A7020568DBC00C0F0D5 /* ActiveSkillUi.swift */ = {isa = PBXFileReference; fileEncoding = 4; lastKnownFileType = sourcecode.swift; path = ActiveSkillUi.swift; sourceTree = "<group>"; };
		E5C74E4E20369A220071326D /* mapUi.sks */ = {isa = PBXFileReference; lastKnownFileType = file.sks; name = mapUi.sks; path = map/mapUi.sks; sourceTree = "<group>"; };
		E5C80ED22045488B00F89541 /* Assets.xcassets */ = {isa = PBXFileReference; lastKnownFileType = folder.assetcatalog; path = Assets.xcassets; sourceTree = "<group>"; };
		E5C8F8592041866B00CD908A /* You.swift */ = {isa = PBXFileReference; fileEncoding = 4; lastKnownFileType = sourcecode.swift; name = You.swift; path = you/You.swift; sourceTree = "<group>"; };
		E5C8F85B2041869700CD908A /* Pygmy.swift */ = {isa = PBXFileReference; fileEncoding = 4; lastKnownFileType = sourcecode.swift; name = Pygmy.swift; path = you/Pygmy.swift; sourceTree = "<group>"; };
		E5C8F85D20418C9900CD908A /* PygmyDictionary.swift */ = {isa = PBXFileReference; fileEncoding = 4; lastKnownFileType = sourcecode.swift; path = PygmyDictionary.swift; sourceTree = "<group>"; };
		E5FE6DF420492F3B001BFABD /* PygmyDetails.swift */ = {isa = PBXFileReference; fileEncoding = 4; lastKnownFileType = sourcecode.swift; name = PygmyDetails.swift; path = pygmyMenu/PygmyDetails.swift; sourceTree = "<group>"; };
		E5FE6DF820493792001BFABD /* passive.swift */ = {isa = PBXFileReference; fileEncoding = 4; lastKnownFileType = sourcecode.swift; path = passive.swift; sourceTree = "<group>"; };
/* End PBXFileReference section */

/* Begin PBXFrameworksBuildPhase section */
		E59E4A6A20230370009553C9 /* Frameworks */ = {
			isa = PBXFrameworksBuildPhase;
			buildActionMask = 2147483647;
			files = (
			);
			runOnlyForDeploymentPostprocessing = 0;
		};
/* End PBXFrameworksBuildPhase section */

/* Begin PBXGroup section */
		E505A63620341B6C00F781AA /* map */ = {
			isa = PBXGroup;
			children = (
				E56580A8204A5C990004137D /* debugMap2.swift */,
				E518BEF52043F7050072F0C8 /* debugMap.swift */,
				E518B4D0204BE3E1002AE93C /* debugMap3.swift */,
			);
			path = map;
			sourceTree = "<group>";
		};
		E51494B0204CD5DE0000406E /* encount */ = {
			isa = PBXGroup;
			children = (
				E51494B2204CD6130000406E /* EncountData.swift */,
				E51494B4204CFD750000406E /* Encounter.swift */,
			);
			path = encount;
			sourceTree = "<group>";
		};
		E5164AAA203EF7DF000A921C /* sceneChange */ = {
			isa = PBXGroup;
			children = (
				E51494B8204D06220000406E /* enterBattle.sks */,
				E5164AAB203EF825000A921C /* SceneChanger.swift */,
				E5164AAD203EF874000A921C /* changeMap.sks */,
			);
			path = sceneChange;
			sourceTree = "<group>";
		};
		E5173246204EB3B30016A827 /* ui */ = {
			isa = PBXGroup;
			children = (
				E5173251204EB41C0016A827 /* BarMaker.swift */,
				E5173252204EB41C0016A827 /* ItemBarMaker.swift */,
				E5173253204EB41C0016A827 /* SkillBarMaker.swift */,
				E5173254204EB41C0016A827 /* StatusBarMaker.swift */,
				E5173255204EB41C0016A827 /* StatusDisplayer.swift */,
			);
			path = ui;
			sourceTree = "<group>";
		};
		E5173247204EB3D50016A827 /* pygmy */ = {
			isa = PBXGroup;
			children = (
				E517324F204EB4110016A827 /* PygmyImageMaker.swift */,
				E517325B204EB4580016A827 /* CharaNode.swift */,
			);
			path = pygmy;
			sourceTree = "<group>";
		};
		E5173248204EB3E20016A827 /* object */ = {
			isa = PBXGroup;
			children = (
				E5173249204EB40C0016A827 /* ObjectMaker.swift */,
				E517324A204EB40C0016A827 /* TroutMaker.swift */,
				E517324B204EB40C0016A827 /* TroutNode.swift */,
				E5173261204EBA7F0016A827 /* PanelNode.swift */,
			);
			path = object;
			sourceTree = "<group>";
		};
		E51869192037EDB900F12256 /* mapTrout */ = {
			isa = PBXGroup;
			children = (
				E5580522203D12BC00D1CA09 /* MapTrout.swift */,
				E518691A2037EDE500F12256 /* MapBoxTrout.swift */,
				E57E0B892037EEF900984890 /* MapSlopTrout.swift */,
			);
			name = mapTrout;
			sourceTree = "<group>";
		};
		E518B4CD204BE330002AE93C /* battle */ = {
			isa = PBXGroup;
			children = (
				E51D5425204E63F1003B9408 /* battle */,
				E51494B0204CD5DE0000406E /* encount */,
			);
			path = battle;
			sourceTree = "<group>";
		};
		E518BEF32043F5790072F0C8 /* itemData */ = {
			isa = PBXGroup;
			children = (
				E517DE8520468BDE00438614 /* healItems.swift */,
			);
			path = itemData;
			sourceTree = "<group>";
		};
		E518BEF42043F5800072F0C8 /* accessoryData */ = {
			isa = PBXGroup;
			children = (
				E51BDEA720468DDA00D358F0 /* totuAccessory.swift */,
			);
			path = accessoryData;
			sourceTree = "<group>";
		};
		E51A59D1203AA12A000D00E3 /* ui */ = {
			isa = PBXGroup;
			children = (
				E51A59D2203AA15B000D00E3 /* PanOperator.swift */,
				E51D695620623D9B00A80BF1 /* DragNodeOperator.swift */,
			);
			name = ui;
			sourceTree = "<group>";
		};
		E51D5425204E63F1003B9408 /* battle */ = {
			isa = PBXGroup;
			children = (
				E58D365E205E8BBF0044A010 /* battleDataUi.sks */,
				E58D365F205E8BBF0044A010 /* DamagePrediction.swift */,
				E51D542E204E70C6003B9408 /* Battle.swift */,
				E51D5427204E6408003B9408 /* BattleChara.swift */,
				E51D5428204E6408003B9408 /* BattleTrout.swift */,
				E55257DE2050338000D140BE /* Turn.swift */,
				E55257E020503D2A00D140BE /* CharaController.swift */,
				E5716A7C2060E95E00233154 /* CharaControlUi.swift */,
				E55257E220503D4200D140BE /* CharaAi.swift */,
				E55257E42050408C00D140BE /* RouteSearcher.swift */,
				E55CD8B5205114410083D984 /* TroutTapMonitor.swift */,
				E55CD8B7205117D60083D984 /* BattleDataUi.swift */,
				E5729BB02052DD7D00857586 /* DamageCalculator.swift */,
				E54EDC922053C55F00F0D83B /* BattleUiScene.swift */,
				E54EDC9420543ACD00F0D83B /* SkillRangeSearcher.swift */,
				E55A43A920550B560091F2BB /* AttackOperator.swift */,
				E551200120565C5C00CAC557 /* CharaManager.swift */,
				E5B57A7020568DBC00C0F0D5 /* ActiveSkillUi.swift */,
				E514474C20595D6600D84563 /* HitCalculator.swift */,
				E5526DEA205A9E8700FF9507 /* SkillAlert.swift */,
			);
			path = battle;
			sourceTree = "<group>";
		};
		E51F5E3A2033DAA30015F328 /* mapChara */ = {
			isa = PBXGroup;
			children = (
				E51F5E3B2033DAB80015F328 /* MapChara.swift */,
				E51F5E3D2033DB010015F328 /* PlayerChara.swift */,
				E505A62E2033DB7F00F781AA /* NonPlayerChara.swift */,
			);
			name = mapChara;
			sourceTree = "<group>";
		};
		E52036B2202D409E00BB3ED5 /* maker */ = {
			isa = PBXGroup;
			children = (
				E5173248204EB3E20016A827 /* object */,
				E5173247204EB3D50016A827 /* pygmy */,
				E5173246204EB3B30016A827 /* ui */,
			);
			path = maker;
			sourceTree = "<group>";
		};
		E52036B7202D533A00BB3ED5 /* dictionary */ = {
			isa = PBXGroup;
			children = (
				E551357B204690C700E7DB84 /* skillData */,
				E518BEF42043F5800072F0C8 /* accessoryData */,
				E518BEF32043F5790072F0C8 /* itemData */,
				E5C8F86020418CCF00CD908A /* charaData */,
				E505A63620341B6C00F781AA /* map */,
				E52036B8202D535200BB3ED5 /* SaveData.swift */,
				E505A634203419E200F781AA /* MapDictionary.swift */,
				E5C8F85D20418C9900CD908A /* PygmyDictionary.swift */,
				E518BEEF2043F2030072F0C8 /* ItemDictionary.swift */,
				E52C881A2043FCF4004AC8AC /* AccessoryDictionary.swift */,
				E551357920468F9E00E7DB84 /* SkillDictionary.swift */,
				E55257D820501A0400D140BE /* EnemyDictionary.swift */,
				E55CD8B22050D9E30083D984 /* TroutAttributeDictionary.swift */,
			);
			path = dictionary;
			sourceTree = "<group>";
		};
		E525D182203D56DB003C0E6A /* menu */ = {
			isa = PBXGroup;
			children = (
				E5456E4A203FF97F00122781 /* mainMenu */,
				E5456E45203FF07700122781 /* pygmyMenu */,
				E5456E4B203FF9FD00122781 /* MenuParent.swift */,
				E51A0BBB2040FB4F00F97159 /* Menu.swift */,
			);
			path = menu;
			sourceTree = "<group>";
		};
		E526756C2032C08D005E0235 /* define */ = {
			isa = PBXGroup;
			children = (
				E526756D2032C0BD005E0235 /* define.swift */,
			);
			name = define;
			sourceTree = "<group>";
		};
		E5456E45203FF07700122781 /* pygmyMenu */ = {
			isa = PBXGroup;
			children = (
				E5456E46203FF09300122781 /* PygmyMenu.swift */,
				E5456E48203FF0A100122781 /* pygmyMenu.sks */,
				E5FE6DF420492F3B001BFABD /* PygmyDetails.swift */,
				E52FA9AA204530A90032F3EB /* pygmyDetails.sks */,
				E5928EEE2062402A00862460 /* SkillMenu.swift */,
				E5928EF0206240A500862460 /* skillMenu.sks */,
			);
			name = pygmyMenu;
			sourceTree = "<group>";
		};
		E5456E4A203FF97F00122781 /* mainMenu */ = {
			isa = PBXGroup;
			children = (
				E525D185203D57BB003C0E6A /* MainMenu.swift */,
				E525D18B203D58A5003C0E6A /* mainMenu.sks */,
			);
			name = mainMenu;
			sourceTree = "<group>";
		};
		E551357B204690C700E7DB84 /* skillData */ = {
			isa = PBXGroup;
			children = (
				E551357C2046910A00E7DB84 /* totuSkill.swift */,
				E55257DC20501B1400D140BE /* daSkill.swift */,
				E551357E2046922200E7DB84 /* jaSkill.swift */,
				E5FE6DF820493792001BFABD /* passive.swift */,
				E5511FFF20561FE300CAC557 /* itemEffects.swift */,
			);
			path = skillData;
			sourceTree = "<group>";
		};
		E56BDA6A203DD311001C4F00 /* textWindow */ = {
			isa = PBXGroup;
			children = (
				E58D3656205E8B810044A010 /* choiceDisplayer.sks */,
				E58D3657205E8B810044A010 /* ChoiceDisplayer.swift */,
				E58D3658205E8B810044A010 /* speakWindow.sks */,
				E58D3659205E8B810044A010 /* SpeakWindow.swift */,
			);
			path = textWindow;
			sourceTree = "<group>";
		};
		E59E4A6420230370009553C9 = {
			isa = PBXGroup;
			children = (
				E59E4A6F20230370009553C9 /* youAndPygmy */,
				E59E4A6E20230370009553C9 /* Products */,
			);
			sourceTree = "<group>";
		};
		E59E4A6E20230370009553C9 /* Products */ = {
			isa = PBXGroup;
			children = (
				E59E4A6D20230370009553C9 /* youAndPygmy.app */,
			);
			name = Products;
			sourceTree = "<group>";
		};
		E59E4A6F20230370009553C9 /* youAndPygmy */ = {
			isa = PBXGroup;
			children = (
				E518B4CD204BE330002AE93C /* battle */,
				E5C8F8582041864800CD908A /* you */,
				E5164AAA203EF7DF000A921C /* sceneChange */,
				E56BDA6A203DD311001C4F00 /* textWindow */,
				E526756C2032C08D005E0235 /* define */,
				E51A59D1203AA12A000D00E3 /* ui */,
				E52036B7202D533A00BB3ED5 /* dictionary */,
				E52036B2202D409E00BB3ED5 /* maker */,
				E5BB3C23202C42FB004D0527 /* map */,
				E525D182203D56DB003C0E6A /* menu */,
				E5AFFC3A2028C0080076B562 /* title */,
				E59E4A7020230370009553C9 /* AppDelegate.swift */,
				E59E4A7220230370009553C9 /* art.scnassets */,
				E5C80ED22045488B00F89541 /* Assets.xcassets */,
				E59E4A7420230370009553C9 /* GameViewController.swift */,
				E525D180203D54F8003C0E6A /* SceneController.swift */,
				E59E4A7620230370009553C9 /* Main.storyboard */,
				E59E4A7B20230370009553C9 /* LaunchScreen.storyboard */,
				E59E4A7E20230370009553C9 /* Info.plist */,
			);
			path = youAndPygmy;
			sourceTree = "<group>";
		};
		E5AFFC3A2028C0080076B562 /* title */ = {
			isa = PBXGroup;
			children = (
				E525D187203D57D7003C0E6A /* title.sks */,
				E525D188203D57D7003C0E6A /* Title.swift */,
			);
			path = title;
			sourceTree = "<group>";
		};
		E5BB3C23202C42FB004D0527 /* map */ = {
			isa = PBXGroup;
			children = (
				E51869192037EDB900F12256 /* mapTrout */,
				E51F5E3A2033DAA30015F328 /* mapChara */,
				E5C74E4E20369A220071326D /* mapUi.sks */,
				E52036B0202D2FBB00BB3ED5 /* MapFeild.swift */,
				E525D17E203D52E6003C0E6A /* MapUi.swift */,
				E5580524203D133A00D1CA09 /* MapTroutMaker.swift */,
				E525D18D203D6202003C0E6A /* MapEvent.swift */,
			);
			name = map;
			sourceTree = "<group>";
		};
		E5C8F8582041864800CD908A /* you */ = {
			isa = PBXGroup;
			children = (
				E5C8F8592041866B00CD908A /* You.swift */,
				E5C8F85B2041869700CD908A /* Pygmy.swift */,
			);
			name = you;
			sourceTree = "<group>";
		};
		E5C8F86020418CCF00CD908A /* charaData */ = {
			isa = PBXGroup;
			children = (
				E5C8F86220418CDC00CD908A /* pygmy */,
				E5C8F86120418CD600CD908A /* enemy */,
				E518BEF72043FA2A0072F0C8 /* StatusCalcurator.swift */,
				E55257D22050146200D140BE /* RaceData.swift */,
				E55257D42050147400D140BE /* PygmyRaceData.swift */,
				E55257D62050147D00D140BE /* EnemyData.swift */,
			);
			path = charaData;
			sourceTree = "<group>";
		};
		E5C8F86120418CD600CD908A /* enemy */ = {
			isa = PBXGroup;
			children = (
				E55257DA20501A2B00D140BE /* kedama.swift */,
			);
			path = enemy;
			sourceTree = "<group>";
		};
		E5C8F86220418CDC00CD908A /* pygmy */ = {
			isa = PBXGroup;
			children = (
				E518BEF92043FA390072F0C8 /* myutansu.swift */,
			);
			path = pygmy;
			sourceTree = "<group>";
		};
/* End PBXGroup section */

/* Begin PBXNativeTarget section */
		E59E4A6C20230370009553C9 /* youAndPygmy */ = {
			isa = PBXNativeTarget;
			buildConfigurationList = E59E4A8120230370009553C9 /* Build configuration list for PBXNativeTarget "youAndPygmy" */;
			buildPhases = (
				E59E4A6920230370009553C9 /* Sources */,
				E59E4A6A20230370009553C9 /* Frameworks */,
				E59E4A6B20230370009553C9 /* Resources */,
			);
			buildRules = (
			);
			dependencies = (
			);
			name = youAndPygmy;
			productName = youAndPygmy;
			productReference = E59E4A6D20230370009553C9 /* youAndPygmy.app */;
			productType = "com.apple.product-type.application";
		};
/* End PBXNativeTarget section */

/* Begin PBXProject section */
		E59E4A6520230370009553C9 /* Project object */ = {
			isa = PBXProject;
			attributes = {
				LastSwiftUpdateCheck = 0830;
				LastUpgradeCheck = 0830;
				ORGANIZATIONNAME = "tomonori takada";
				TargetAttributes = {
					E59E4A6C20230370009553C9 = {
						CreatedOnToolsVersion = 8.3.1;
						DevelopmentTeam = X97WZ4F4FZ;
						ProvisioningStyle = Automatic;
					};
				};
			};
			buildConfigurationList = E59E4A6820230370009553C9 /* Build configuration list for PBXProject "youAndPygmy" */;
			compatibilityVersion = "Xcode 3.2";
			developmentRegion = English;
			hasScannedForEncodings = 0;
			knownRegions = (
				en,
				Base,
			);
			mainGroup = E59E4A6420230370009553C9;
			productRefGroup = E59E4A6E20230370009553C9 /* Products */;
			projectDirPath = "";
			projectRoot = "";
			targets = (
				E59E4A6C20230370009553C9 /* youAndPygmy */,
			);
		};
/* End PBXProject section */

/* Begin PBXResourcesBuildPhase section */
		E59E4A6B20230370009553C9 /* Resources */ = {
			isa = PBXResourcesBuildPhase;
			buildActionMask = 2147483647;
			files = (
				E52FA9AB204530A90032F3EB /* pygmyDetails.sks in Resources */,
				E58D3660205E8BBF0044A010 /* battleDataUi.sks in Resources */,
				E59E4A7320230370009553C9 /* art.scnassets in Resources */,
				E5C80ED32045488B00F89541 /* Assets.xcassets in Resources */,
				E5164AAE203EF874000A921C /* changeMap.sks in Resources */,
				E58D365C205E8B810044A010 /* speakWindow.sks in Resources */,
				E59E4A7D20230370009553C9 /* LaunchScreen.storyboard in Resources */,
				E525D189203D57D7003C0E6A /* title.sks in Resources */,
				E58D365A205E8B810044A010 /* choiceDisplayer.sks in Resources */,
				E5928EF1206240A500862460 /* skillMenu.sks in Resources */,
				E5456E49203FF0A100122781 /* pygmyMenu.sks in Resources */,
				E51494B9204D06220000406E /* enterBattle.sks in Resources */,
				E5C74E4F20369A220071326D /* mapUi.sks in Resources */,
				E525D18C203D58A5003C0E6A /* mainMenu.sks in Resources */,
				E59E4A7820230370009553C9 /* Main.storyboard in Resources */,
			);
			runOnlyForDeploymentPostprocessing = 0;
		};
/* End PBXResourcesBuildPhase section */

/* Begin PBXSourcesBuildPhase section */
		E59E4A6920230370009553C9 /* Sources */ = {
			isa = PBXSourcesBuildPhase;
			buildActionMask = 2147483647;
			files = (
				E526756E2032C0BE005E0235 /* define.swift in Sources */,
				E56580A9204A5C990004137D /* debugMap2.swift in Sources */,
				E5928EEF2062402A00862460 /* SkillMenu.swift in Sources */,
				E5173259204EB41C0016A827 /* StatusBarMaker.swift in Sources */,
				E51A0BBC2040FB4F00F97159 /* Menu.swift in Sources */,
				E5729BB12052DD7D00857586 /* DamageCalculator.swift in Sources */,
				E505A62F2033DB7F00F781AA /* NonPlayerChara.swift in Sources */,
				E5580523203D12BC00D1CA09 /* MapTrout.swift in Sources */,
				E55257E120503D2A00D140BE /* CharaController.swift in Sources */,
				E59E4A7520230370009553C9 /* GameViewController.swift in Sources */,
				E551357A20468F9E00E7DB84 /* SkillDictionary.swift in Sources */,
				E518691B2037EDE500F12256 /* MapBoxTrout.swift in Sources */,
				E5716A7D2060E95E00233154 /* CharaControlUi.swift in Sources */,
				E54EDC9520543ACD00F0D83B /* SkillRangeSearcher.swift in Sources */,
				E51D542F204E70C6003B9408 /* Battle.swift in Sources */,
				E55CD8B8205117D60083D984 /* BattleDataUi.swift in Sources */,
				E55CD8B6205114410083D984 /* TroutTapMonitor.swift in Sources */,
				E5173262204EBA7F0016A827 /* PanelNode.swift in Sources */,
				E55257DD20501B1400D140BE /* daSkill.swift in Sources */,
				E551200020561FE300CAC557 /* itemEffects.swift in Sources */,
				E55CD8B32050D9E30083D984 /* TroutAttributeDictionary.swift in Sources */,
				E55257D52050147400D140BE /* PygmyRaceData.swift in Sources */,
				E5164AAC203EF825000A921C /* SceneChanger.swift in Sources */,
				E55257DF2050338000D140BE /* Turn.swift in Sources */,
				E5FE6DF920493792001BFABD /* passive.swift in Sources */,
				E51A59D3203AA15B000D00E3 /* PanOperator.swift in Sources */,
				E5580525203D133A00D1CA09 /* MapTroutMaker.swift in Sources */,
				E505A635203419E200F781AA /* MapDictionary.swift in Sources */,
				E51D542B204E6408003B9408 /* BattleTrout.swift in Sources */,
				E517325A204EB41C0016A827 /* StatusDisplayer.swift in Sources */,
				E5C8F85C2041869700CD908A /* Pygmy.swift in Sources */,
				E517324C204EB40C0016A827 /* ObjectMaker.swift in Sources */,
				E551357F2046922200E7DB84 /* jaSkill.swift in Sources */,
				E51BDEA820468DDA00D358F0 /* totuAccessory.swift in Sources */,
				E551357D2046910A00E7DB84 /* totuSkill.swift in Sources */,
				E58D365B205E8B810044A010 /* ChoiceDisplayer.swift in Sources */,
				E55257E320503D4200D140BE /* CharaAi.swift in Sources */,
				E55A43AA20550B560091F2BB /* AttackOperator.swift in Sources */,
				E58D3661205E8BBF0044A010 /* DamagePrediction.swift in Sources */,
				E525D18E203D6202003C0E6A /* MapEvent.swift in Sources */,
				E518BEF02043F2030072F0C8 /* ItemDictionary.swift in Sources */,
				E5B57A7120568DBC00C0F0D5 /* ActiveSkillUi.swift in Sources */,
				E5173256204EB41C0016A827 /* BarMaker.swift in Sources */,
				E58D365D205E8B810044A010 /* SpeakWindow.swift in Sources */,
				E525D181203D54F8003C0E6A /* SceneController.swift in Sources */,
				E5173257204EB41C0016A827 /* ItemBarMaker.swift in Sources */,
				E52036B9202D535200BB3ED5 /* SaveData.swift in Sources */,
				E518B4D1204BE3E2002AE93C /* debugMap3.swift in Sources */,
				E51D542A204E6408003B9408 /* BattleChara.swift in Sources */,
				E518BEF82043FA2A0072F0C8 /* StatusCalcurator.swift in Sources */,
				E57E0B8A2037EEF900984890 /* MapSlopTrout.swift in Sources */,
				E51494B3204CD6130000406E /* EncountData.swift in Sources */,
				E55257E52050408C00D140BE /* RouteSearcher.swift in Sources */,
				E5173258204EB41C0016A827 /* SkillBarMaker.swift in Sources */,
				E517324E204EB40C0016A827 /* TroutNode.swift in Sources */,
				E55257DB20501A2B00D140BE /* kedama.swift in Sources */,
				E51D695720623D9B00A80BF1 /* DragNodeOperator.swift in Sources */,
				E5456E47203FF09300122781 /* PygmyMenu.swift in Sources */,
				E52C881B2043FCF4004AC8AC /* AccessoryDictionary.swift in Sources */,
				E518BEFA2043FA390072F0C8 /* myutansu.swift in Sources */,
				E525D17F203D52E6003C0E6A /* MapUi.swift in Sources */,
				E55257D72050147D00D140BE /* EnemyData.swift in Sources */,
				E51F5E3C2033DAB80015F328 /* MapChara.swift in Sources */,
				E55257D32050146200D140BE /* RaceData.swift in Sources */,
				E517325C204EB4580016A827 /* CharaNode.swift in Sources */,
				E5526DEB205A9E8700FF9507 /* SkillAlert.swift in Sources */,
				E525D186203D57BB003C0E6A /* MainMenu.swift in Sources */,
				E55257D920501A0400D140BE /* EnemyDictionary.swift in Sources */,
				E525D18A203D57D7003C0E6A /* Title.swift in Sources */,
				E518BEF62043F7050072F0C8 /* debugMap.swift in Sources */,
				E517DE8620468BDE00438614 /* healItems.swift in Sources */,
				E51F5E3E2033DB010015F328 /* PlayerChara.swift in Sources */,
				E54EDC932053C55F00F0D83B /* BattleUiScene.swift in Sources */,
				E52036B1202D2FBB00BB3ED5 /* MapFeild.swift in Sources */,
				E517324D204EB40C0016A827 /* TroutMaker.swift in Sources */,
				E5173250204EB4110016A827 /* PygmyImageMaker.swift in Sources */,
				E5C8F85A2041866B00CD908A /* You.swift in Sources */,
				E5FE6DF520492F3B001BFABD /* PygmyDetails.swift in Sources */,
				E551200220565C5C00CAC557 /* CharaManager.swift in Sources */,
				E514474D20595D6600D84563 /* HitCalculator.swift in Sources */,
				E5C8F85E20418C9900CD908A /* PygmyDictionary.swift in Sources */,
				E5456E4C203FF9FD00122781 /* MenuParent.swift in Sources */,
				E51494B5204CFD750000406E /* Encounter.swift in Sources */,
				E59E4A7120230370009553C9 /* AppDelegate.swift in Sources */,
			);
			runOnlyForDeploymentPostprocessing = 0;
		};
/* End PBXSourcesBuildPhase section */

/* Begin PBXVariantGroup section */
		E59E4A7620230370009553C9 /* Main.storyboard */ = {
			isa = PBXVariantGroup;
			children = (
				E59E4A7720230370009553C9 /* Base */,
			);
			name = Main.storyboard;
			sourceTree = "<group>";
		};
		E59E4A7B20230370009553C9 /* LaunchScreen.storyboard */ = {
			isa = PBXVariantGroup;
			children = (
				E59E4A7C20230370009553C9 /* Base */,
			);
			name = LaunchScreen.storyboard;
			sourceTree = "<group>";
		};
/* End PBXVariantGroup section */

/* Begin XCBuildConfiguration section */
		E59E4A7F20230370009553C9 /* Debug */ = {
			isa = XCBuildConfiguration;
			buildSettings = {
				ALWAYS_SEARCH_USER_PATHS = NO;
				CLANG_ANALYZER_NONNULL = YES;
				CLANG_ANALYZER_NUMBER_OBJECT_CONVERSION = YES_AGGRESSIVE;
				CLANG_CXX_LANGUAGE_STANDARD = "gnu++0x";
				CLANG_CXX_LIBRARY = "libc++";
				CLANG_ENABLE_MODULES = YES;
				CLANG_ENABLE_OBJC_ARC = YES;
				CLANG_WARN_BOOL_CONVERSION = YES;
				CLANG_WARN_CONSTANT_CONVERSION = YES;
				CLANG_WARN_DIRECT_OBJC_ISA_USAGE = YES_ERROR;
				CLANG_WARN_DOCUMENTATION_COMMENTS = YES;
				CLANG_WARN_EMPTY_BODY = YES;
				CLANG_WARN_ENUM_CONVERSION = YES;
				CLANG_WARN_INFINITE_RECURSION = YES;
				CLANG_WARN_INT_CONVERSION = YES;
				CLANG_WARN_OBJC_ROOT_CLASS = YES_ERROR;
				CLANG_WARN_SUSPICIOUS_MOVE = YES;
				CLANG_WARN_UNREACHABLE_CODE = YES;
				CLANG_WARN__DUPLICATE_METHOD_MATCH = YES;
				"CODE_SIGN_IDENTITY[sdk=iphoneos*]" = "iPhone Developer";
				COPY_PHASE_STRIP = NO;
				DEBUG_INFORMATION_FORMAT = dwarf;
				ENABLE_STRICT_OBJC_MSGSEND = YES;
				ENABLE_TESTABILITY = YES;
				GCC_C_LANGUAGE_STANDARD = gnu99;
				GCC_DYNAMIC_NO_PIC = NO;
				GCC_NO_COMMON_BLOCKS = YES;
				GCC_OPTIMIZATION_LEVEL = 0;
				GCC_PREPROCESSOR_DEFINITIONS = (
					"DEBUG=1",
					"$(inherited)",
				);
				GCC_WARN_64_TO_32_BIT_CONVERSION = YES;
				GCC_WARN_ABOUT_RETURN_TYPE = YES_ERROR;
				GCC_WARN_UNDECLARED_SELECTOR = YES;
				GCC_WARN_UNINITIALIZED_AUTOS = YES_AGGRESSIVE;
				GCC_WARN_UNUSED_FUNCTION = YES;
				GCC_WARN_UNUSED_VARIABLE = YES;
				IPHONEOS_DEPLOYMENT_TARGET = 10.3;
				MTL_ENABLE_DEBUG_INFO = YES;
				ONLY_ACTIVE_ARCH = YES;
				SDKROOT = iphoneos;
				SWIFT_ACTIVE_COMPILATION_CONDITIONS = DEBUG;
				SWIFT_OPTIMIZATION_LEVEL = "-Onone";
			};
			name = Debug;
		};
		E59E4A8020230370009553C9 /* Release */ = {
			isa = XCBuildConfiguration;
			buildSettings = {
				ALWAYS_SEARCH_USER_PATHS = NO;
				CLANG_ANALYZER_NONNULL = YES;
				CLANG_ANALYZER_NUMBER_OBJECT_CONVERSION = YES_AGGRESSIVE;
				CLANG_CXX_LANGUAGE_STANDARD = "gnu++0x";
				CLANG_CXX_LIBRARY = "libc++";
				CLANG_ENABLE_MODULES = YES;
				CLANG_ENABLE_OBJC_ARC = YES;
				CLANG_WARN_BOOL_CONVERSION = YES;
				CLANG_WARN_CONSTANT_CONVERSION = YES;
				CLANG_WARN_DIRECT_OBJC_ISA_USAGE = YES_ERROR;
				CLANG_WARN_DOCUMENTATION_COMMENTS = YES;
				CLANG_WARN_EMPTY_BODY = YES;
				CLANG_WARN_ENUM_CONVERSION = YES;
				CLANG_WARN_INFINITE_RECURSION = YES;
				CLANG_WARN_INT_CONVERSION = YES;
				CLANG_WARN_OBJC_ROOT_CLASS = YES_ERROR;
				CLANG_WARN_SUSPICIOUS_MOVE = YES;
				CLANG_WARN_UNREACHABLE_CODE = YES;
				CLANG_WARN__DUPLICATE_METHOD_MATCH = YES;
				"CODE_SIGN_IDENTITY[sdk=iphoneos*]" = "iPhone Developer";
				COPY_PHASE_STRIP = NO;
				DEBUG_INFORMATION_FORMAT = "dwarf-with-dsym";
				ENABLE_NS_ASSERTIONS = NO;
				ENABLE_STRICT_OBJC_MSGSEND = YES;
				GCC_C_LANGUAGE_STANDARD = gnu99;
				GCC_NO_COMMON_BLOCKS = YES;
				GCC_WARN_64_TO_32_BIT_CONVERSION = YES;
				GCC_WARN_ABOUT_RETURN_TYPE = YES_ERROR;
				GCC_WARN_UNDECLARED_SELECTOR = YES;
				GCC_WARN_UNINITIALIZED_AUTOS = YES_AGGRESSIVE;
				GCC_WARN_UNUSED_FUNCTION = YES;
				GCC_WARN_UNUSED_VARIABLE = YES;
				IPHONEOS_DEPLOYMENT_TARGET = 10.3;
				MTL_ENABLE_DEBUG_INFO = NO;
				SDKROOT = iphoneos;
				SWIFT_OPTIMIZATION_LEVEL = "-Owholemodule";
				VALIDATE_PRODUCT = YES;
			};
			name = Release;
		};
		E59E4A8220230370009553C9 /* Debug */ = {
			isa = XCBuildConfiguration;
			buildSettings = {
				ASSETCATALOG_COMPILER_APPICON_NAME = AppIcon;
				DEVELOPMENT_TEAM = X97WZ4F4FZ;
				INFOPLIST_FILE = youAndPygmy/Info.plist;
				LD_RUNPATH_SEARCH_PATHS = "$(inherited) @executable_path/Frameworks";
				PRODUCT_BUNDLE_IDENTIFIER = you.youAndPygmy;
				PRODUCT_NAME = "$(TARGET_NAME)";
				SWIFT_VERSION = 3.0;
			};
			name = Debug;
		};
		E59E4A8320230370009553C9 /* Release */ = {
			isa = XCBuildConfiguration;
			buildSettings = {
				ASSETCATALOG_COMPILER_APPICON_NAME = AppIcon;
				DEVELOPMENT_TEAM = X97WZ4F4FZ;
				INFOPLIST_FILE = youAndPygmy/Info.plist;
				LD_RUNPATH_SEARCH_PATHS = "$(inherited) @executable_path/Frameworks";
				PRODUCT_BUNDLE_IDENTIFIER = you.youAndPygmy;
				PRODUCT_NAME = "$(TARGET_NAME)";
				SWIFT_VERSION = 3.0;
			};
			name = Release;
		};
/* End XCBuildConfiguration section */

/* Begin XCConfigurationList section */
		E59E4A6820230370009553C9 /* Build configuration list for PBXProject "youAndPygmy" */ = {
			isa = XCConfigurationList;
			buildConfigurations = (
				E59E4A7F20230370009553C9 /* Debug */,
				E59E4A8020230370009553C9 /* Release */,
			);
			defaultConfigurationIsVisible = 0;
			defaultConfigurationName = Release;
		};
		E59E4A8120230370009553C9 /* Build configuration list for PBXNativeTarget "youAndPygmy" */ = {
			isa = XCConfigurationList;
			buildConfigurations = (
				E59E4A8220230370009553C9 /* Debug */,
				E59E4A8320230370009553C9 /* Release */,
			);
			defaultConfigurationIsVisible = 0;
			defaultConfigurationName = Release;
		};
/* End XCConfigurationList section */
	};
	rootObject = E59E4A6520230370009553C9 /* Project object */;
}
